// !$*UTF8*$!
{
	archiveVersion = 1;
	classes = {
	};
	objectVersion = 77;
	objects = {

/* Begin PBXBuildFile section */
		38539F112D8CE4DF0047123F /* ContentView.swift in Sources */ = {isa = PBXBuildFile; fileRef = 38539F0A2D8CE4DF0047123F /* ContentView.swift */; };
		38539F122D8CE4DF0047123F /* Todo.swift in Sources */ = {isa = PBXBuildFile; fileRef = 38539F0E2D8CE4DF0047123F /* Todo.swift */; };
		38539F132D8CE4DF0047123F /* TodoAppApp.swift in Sources */ = {isa = PBXBuildFile; fileRef = 38539F0F2D8CE4DF0047123F /* TodoAppApp.swift */; };
		38539F142D8CE4DF0047123F /* Preview Assets.xcassets in Resources */ = {isa = PBXBuildFile; fileRef = 38539F072D8CE4DF0047123F /* Preview Assets.xcassets */; };
		38539F152D8CE4DF0047123F /* Assets.xcassets in Resources */ = {isa = PBXBuildFile; fileRef = 38539F092D8CE4DF0047123F /* Assets.xcassets */; };
		38539F352D8D375F0047123F /* TodoDetailView.swift in Sources */ = {isa = PBXBuildFile; fileRef = 38539F342D8D375F0047123F /* TodoDetailView.swift */; };
		38539F362D8D375F0047123F /* TodoDetailView.swift in Sources */ = {isa = PBXBuildFile; fileRef = 38539F342D8D375F0047123F /* TodoDetailView.swift */; };
/* End PBXBuildFile section */

/* Begin PBXContainerItemProxy section */
		388D69092D8C3CA10088F828 /* PBXContainerItemProxy */ = {
			isa = PBXContainerItemProxy;
			containerPortal = 388D68F02D8C3CA00088F828 /* Project object */;
			proxyType = 1;
			remoteGlobalIDString = 388D68F72D8C3CA00088F828;
			remoteInfo = TodoApp;
		};
		388D69132D8C3CA10088F828 /* PBXContainerItemProxy */ = {
			isa = PBXContainerItemProxy;
			containerPortal = 388D68F02D8C3CA00088F828 /* Project object */;
			proxyType = 1;
			remoteGlobalIDString = 388D68F72D8C3CA00088F828;
			remoteInfo = TodoApp;
		};
/* End PBXContainerItemProxy section */

/* Begin PBXFileReference section */
		38539F072D8CE4DF0047123F /* Preview Assets.xcassets */ = {isa = PBXFileReference; lastKnownFileType = folder.assetcatalog; path = "Preview Assets.xcassets"; sourceTree = "<group>"; };
		38539F092D8CE4DF0047123F /* Assets.xcassets */ = {isa = PBXFileReference; lastKnownFileType = folder.assetcatalog; path = Assets.xcassets; sourceTree = "<group>"; };
		38539F0A2D8CE4DF0047123F /* ContentView.swift */ = {isa = PBXFileReference; lastKnownFileType = sourcecode.swift; path = ContentView.swift; sourceTree = "<group>"; };
		38539F0B2D8CE4DF0047123F /* Function.playground */ = {isa = PBXFileReference; lastKnownFileType = file.playground; path = Function.playground; sourceTree = "<group>"; };
		38539F0C2D8CE4DF0047123F /* Structure,Class.playground */ = {isa = PBXFileReference; lastKnownFileType = file.playground; path = "Structure,Class.playground"; sourceTree = "<group>"; xcLanguageSpecificationIdentifier = xcode.lang.swift; };
		38539F0D2D8CE4DF0047123F /* TernaryOperator.playground */ = {isa = PBXFileReference; lastKnownFileType = file.playground; path = TernaryOperator.playground; sourceTree = "<group>"; };
		38539F0E2D8CE4DF0047123F /* Todo.swift */ = {isa = PBXFileReference; lastKnownFileType = sourcecode.swift; path = Todo.swift; sourceTree = "<group>"; };
		38539F0F2D8CE4DF0047123F /* TodoAppApp.swift */ = {isa = PBXFileReference; lastKnownFileType = sourcecode.swift; path = TodoAppApp.swift; sourceTree = "<group>"; };
		38539F342D8D375F0047123F /* TodoDetailView.swift */ = {isa = PBXFileReference; lastKnownFileType = sourcecode.swift; path = TodoDetailView.swift; sourceTree = "<group>"; };
		388D68F82D8C3CA00088F828 /* TodoApp.app */ = {isa = PBXFileReference; explicitFileType = wrapper.application; includeInIndex = 0; path = TodoApp.app; sourceTree = BUILT_PRODUCTS_DIR; };
		388D69082D8C3CA10088F828 /* TodoAppTests.xctest */ = {isa = PBXFileReference; explicitFileType = wrapper.cfbundle; includeInIndex = 0; path = TodoAppTests.xctest; sourceTree = BUILT_PRODUCTS_DIR; };
		388D69122D8C3CA10088F828 /* TodoAppUITests.xctest */ = {isa = PBXFileReference; explicitFileType = wrapper.cfbundle; includeInIndex = 0; path = TodoAppUITests.xctest; sourceTree = BUILT_PRODUCTS_DIR; };
/* End PBXFileReference section */

/* Begin PBXFileSystemSynchronizedRootGroup section */
		388D690B2D8C3CA10088F828 /* TodoAppTests */ = {
			isa = PBXFileSystemSynchronizedRootGroup;
			path = TodoAppTests;
			sourceTree = "<group>";
		};
		388D69152D8C3CA10088F828 /* TodoAppUITests */ = {
			isa = PBXFileSystemSynchronizedRootGroup;
			path = TodoAppUITests;
			sourceTree = "<group>";
		};
/* End PBXFileSystemSynchronizedRootGroup section */

/* Begin PBXFrameworksBuildPhase section */
		388D68F52D8C3CA00088F828 /* Frameworks */ = {
			isa = PBXFrameworksBuildPhase;
			buildActionMask = 2147483647;
			files = (
			);
			runOnlyForDeploymentPostprocessing = 0;
		};
		388D69052D8C3CA10088F828 /* Frameworks */ = {
			isa = PBXFrameworksBuildPhase;
			buildActionMask = 2147483647;
			files = (
			);
			runOnlyForDeploymentPostprocessing = 0;
		};
		388D690F2D8C3CA10088F828 /* Frameworks */ = {
			isa = PBXFrameworksBuildPhase;
			buildActionMask = 2147483647;
			files = (
			);
			runOnlyForDeploymentPostprocessing = 0;
		};
/* End PBXFrameworksBuildPhase section */

/* Begin PBXGroup section */
		38539F082D8CE4DF0047123F /* Preview Content */ = {
			isa = PBXGroup;
			children = (
				38539F072D8CE4DF0047123F /* Preview Assets.xcassets */,
			);
			path = "Preview Content";
			sourceTree = "<group>";
		};
		38539F102D8CE4DF0047123F /* TodoApp */ = {
			isa = PBXGroup;
			children = (
				38539F082D8CE4DF0047123F /* Preview Content */,
				38539F092D8CE4DF0047123F /* Assets.xcassets */,
				38539F0A2D8CE4DF0047123F /* ContentView.swift */,
				38539F342D8D375F0047123F /* TodoDetailView.swift */,
				38539F0C2D8CE4DF0047123F /* Structure,Class.playground */,
				38539F0D2D8CE4DF0047123F /* TernaryOperator.playground */,
				38539F0B2D8CE4DF0047123F /* Function.playground */,
				38539F0F2D8CE4DF0047123F /* TodoAppApp.swift */,
				38539F0E2D8CE4DF0047123F /* Todo.swift */,
			);
			path = TodoApp;
			sourceTree = "<group>";
		};
		388D68EF2D8C3CA00088F828 = {
			isa = PBXGroup;
			children = (
				38539F102D8CE4DF0047123F /* TodoApp */,
				388D690B2D8C3CA10088F828 /* TodoAppTests */,
				388D69152D8C3CA10088F828 /* TodoAppUITests */,
				388D68F92D8C3CA00088F828 /* Products */,
			);
			sourceTree = "<group>";
		};
		388D68F92D8C3CA00088F828 /* Products */ = {
			isa = PBXGroup;
			children = (
				388D68F82D8C3CA00088F828 /* TodoApp.app */,
				388D69082D8C3CA10088F828 /* TodoAppTests.xctest */,
				388D69122D8C3CA10088F828 /* TodoAppUITests.xctest */,
			);
			name = Products;
			sourceTree = "<group>";
		};
/* End PBXGroup section */

/* Begin PBXNativeTarget section */
		388D68F72D8C3CA00088F828 /* TodoApp */ = {
			isa = PBXNativeTarget;
			buildConfigurationList = 388D691C2D8C3CA10088F828 /* Build configuration list for PBXNativeTarget "TodoApp" */;
			buildPhases = (
				388D68F42D8C3CA00088F828 /* Sources */,
				388D68F52D8C3CA00088F828 /* Frameworks */,
				388D68F62D8C3CA00088F828 /* Resources */,
			);
			buildRules = (
			);
			dependencies = (
			);
			name = TodoApp;
			packageProductDependencies = (
			);
			productName = TodoApp;
			productReference = 388D68F82D8C3CA00088F828 /* TodoApp.app */;
			productType = "com.apple.product-type.application";
		};
		388D69072D8C3CA10088F828 /* TodoAppTests */ = {
			isa = PBXNativeTarget;
			buildConfigurationList = 388D691F2D8C3CA10088F828 /* Build configuration list for PBXNativeTarget "TodoAppTests" */;
			buildPhases = (
				388D69042D8C3CA10088F828 /* Sources */,
				388D69052D8C3CA10088F828 /* Frameworks */,
				388D69062D8C3CA10088F828 /* Resources */,
			);
			buildRules = (
			);
			dependencies = (
				388D690A2D8C3CA10088F828 /* PBXTargetDependency */,
			);
			fileSystemSynchronizedGroups = (
				388D690B2D8C3CA10088F828 /* TodoAppTests */,
			);
			name = TodoAppTests;
			packageProductDependencies = (
			);
			productName = TodoAppTests;
			productReference = 388D69082D8C3CA10088F828 /* TodoAppTests.xctest */;
			productType = "com.apple.product-type.bundle.unit-test";
		};
		388D69112D8C3CA10088F828 /* TodoAppUITests */ = {
			isa = PBXNativeTarget;
			buildConfigurationList = 388D69222D8C3CA10088F828 /* Build configuration list for PBXNativeTarget "TodoAppUITests" */;
			buildPhases = (
				388D690E2D8C3CA10088F828 /* Sources */,
				388D690F2D8C3CA10088F828 /* Frameworks */,
				388D69102D8C3CA10088F828 /* Resources */,
			);
			buildRules = (
			);
			dependencies = (
				388D69142D8C3CA10088F828 /* PBXTargetDependency */,
			);
			fileSystemSynchronizedGroups = (
				388D69152D8C3CA10088F828 /* TodoAppUITests */,
			);
			name = TodoAppUITests;
			packageProductDependencies = (
			);
			productName = TodoAppUITests;
			productReference = 388D69122D8C3CA10088F828 /* TodoAppUITests.xctest */;
			productType = "com.apple.product-type.bundle.ui-testing";
		};
/* End PBXNativeTarget section */

/* Begin PBXProject section */
		388D68F02D8C3CA00088F828 /* Project object */ = {
			isa = PBXProject;
			attributes = {
				BuildIndependentTargetsInParallel = 1;
				LastSwiftUpdateCheck = 1620;
				LastUpgradeCheck = 1620;
				TargetAttributes = {
					388D68F72D8C3CA00088F828 = {
						CreatedOnToolsVersion = 16.2;
					};
					388D69072D8C3CA10088F828 = {
						CreatedOnToolsVersion = 16.2;
						TestTargetID = 388D68F72D8C3CA00088F828;
					};
					388D69112D8C3CA10088F828 = {
						CreatedOnToolsVersion = 16.2;
						TestTargetID = 388D68F72D8C3CA00088F828;
					};
				};
			};
			buildConfigurationList = 388D68F32D8C3CA00088F828 /* Build configuration list for PBXProject "TodoApp" */;
			developmentRegion = en;
			hasScannedForEncodings = 0;
			knownRegions = (
				en,
				Base,
			);
			mainGroup = 388D68EF2D8C3CA00088F828;
			minimizedProjectReferenceProxies = 1;
			preferredProjectObjectVersion = 77;
			productRefGroup = 388D68F92D8C3CA00088F828 /* Products */;
			projectDirPath = "";
			projectRoot = "";
			targets = (
				388D68F72D8C3CA00088F828 /* TodoApp */,
				388D69072D8C3CA10088F828 /* TodoAppTests */,
				388D69112D8C3CA10088F828 /* TodoAppUITests */,
			);
		};
/* End PBXProject section */

/* Begin PBXResourcesBuildPhase section */
		388D68F62D8C3CA00088F828 /* Resources */ = {
			isa = PBXResourcesBuildPhase;
			buildActionMask = 2147483647;
			files = (
				38539F142D8CE4DF0047123F /* Preview Assets.xcassets in Resources */,
				38539F152D8CE4DF0047123F /* Assets.xcassets in Resources */,
			);
			runOnlyForDeploymentPostprocessing = 0;
		};
		388D69062D8C3CA10088F828 /* Resources */ = {
			isa = PBXResourcesBuildPhase;
			buildActionMask = 2147483647;
			files = (
			);
			runOnlyForDeploymentPostprocessing = 0;
		};
		388D69102D8C3CA10088F828 /* Resources */ = {
			isa = PBXResourcesBuildPhase;
			buildActionMask = 2147483647;
			files = (
			);
			runOnlyForDeploymentPostprocessing = 0;
		};
/* End PBXResourcesBuildPhase section */

/* Begin PBXSourcesBuildPhase section */
		388D68F42D8C3CA00088F828 /* Sources */ = {
			isa = PBXSourcesBuildPhase;
			buildActionMask = 2147483647;
			files = (
				38539F112D8CE4DF0047123F /* ContentView.swift in Sources */,
				38539F122D8CE4DF0047123F /* Todo.swift in Sources */,
				38539F132D8CE4DF0047123F /* TodoAppApp.swift in Sources */,
				38539F362D8D375F0047123F /* TodoDetailView.swift in Sources */,
			);
			runOnlyForDeploymentPostprocessing = 0;
		};
		388D69042D8C3CA10088F828 /* Sources */ = {
			isa = PBXSourcesBuildPhase;
			buildActionMask = 2147483647;
			files = (
				38539F352D8D375F0047123F /* TodoDetailView.swift in Sources */,
			);
			runOnlyForDeploymentPostprocessing = 0;
		};
		388D690E2D8C3CA10088F828 /* Sources */ = {
			isa = PBXSourcesBuildPhase;
			buildActionMask = 2147483647;
			files = (
			);
			runOnlyForDeploymentPostprocessing = 0;
		};
/* End PBXSourcesBuildPhase section */

/* Begin PBXTargetDependency section */
		388D690A2D8C3CA10088F828 /* PBXTargetDependency */ = {
			isa = PBXTargetDependency;
			target = 388D68F72D8C3CA00088F828 /* TodoApp */;
			targetProxy = 388D69092D8C3CA10088F828 /* PBXContainerItemProxy */;
		};
		388D69142D8C3CA10088F828 /* PBXTargetDependency */ = {
			isa = PBXTargetDependency;
			target = 388D68F72D8C3CA00088F828 /* TodoApp */;
			targetProxy = 388D69132D8C3CA10088F828 /* PBXContainerItemProxy */;
		};
/* End PBXTargetDependency section */

/* Begin XCBuildConfiguration section */
		388D691A2D8C3CA10088F828 /* Debug */ = {
			isa = XCBuildConfiguration;
			buildSettings = {
				ALWAYS_SEARCH_USER_PATHS = NO;
				ASSETCATALOG_COMPILER_GENERATE_SWIFT_ASSET_SYMBOL_EXTENSIONS = YES;
				CLANG_ANALYZER_NONNULL = YES;
				CLANG_ANALYZER_NUMBER_OBJECT_CONVERSION = YES_AGGRESSIVE;
				CLANG_CXX_LANGUAGE_STANDARD = "gnu++20";
				CLANG_ENABLE_MODULES = YES;
				CLANG_ENABLE_OBJC_ARC = YES;
				CLANG_ENABLE_OBJC_WEAK = YES;
				CLANG_WARN_BLOCK_CAPTURE_AUTORELEASING = YES;
				CLANG_WARN_BOOL_CONVERSION = YES;
				CLANG_WARN_COMMA = YES;
				CLANG_WARN_CONSTANT_CONVERSION = YES;
				CLANG_WARN_DEPRECATED_OBJC_IMPLEMENTATIONS = YES;
				CLANG_WARN_DIRECT_OBJC_ISA_USAGE = YES_ERROR;
				CLANG_WARN_DOCUMENTATION_COMMENTS = YES;
				CLANG_WARN_EMPTY_BODY = YES;
				CLANG_WARN_ENUM_CONVERSION = YES;
				CLANG_WARN_INFINITE_RECURSION = YES;
				CLANG_WARN_INT_CONVERSION = YES;
				CLANG_WARN_NON_LITERAL_NULL_CONVERSION = YES;
				CLANG_WARN_OBJC_IMPLICIT_RETAIN_SELF = YES;
				CLANG_WARN_OBJC_LITERAL_CONVERSION = YES;
				CLANG_WARN_OBJC_ROOT_CLASS = YES_ERROR;
				CLANG_WARN_QUOTED_INCLUDE_IN_FRAMEWORK_HEADER = YES;
				CLANG_WARN_RANGE_LOOP_ANALYSIS = YES;
				CLANG_WARN_STRICT_PROTOTYPES = YES;
				CLANG_WARN_SUSPICIOUS_MOVE = YES;
				CLANG_WARN_UNGUARDED_AVAILABILITY = YES_AGGRESSIVE;
				CLANG_WARN_UNREACHABLE_CODE = YES;
				CLANG_WARN__DUPLICATE_METHOD_MATCH = YES;
				COPY_PHASE_STRIP = NO;
				DEBUG_INFORMATION_FORMAT = dwarf;
				ENABLE_STRICT_OBJC_MSGSEND = YES;
				ENABLE_TESTABILITY = YES;
				ENABLE_USER_SCRIPT_SANDBOXING = YES;
				GCC_C_LANGUAGE_STANDARD = gnu17;
				GCC_DYNAMIC_NO_PIC = NO;
				GCC_NO_COMMON_BLOCKS = YES;
				GCC_OPTIMIZATION_LEVEL = 0;
				GCC_PREPROCESSOR_DEFINITIONS = (
					"DEBUG=1",
					"$(inherited)",
				);
				GCC_WARN_64_TO_32_BIT_CONVERSION = YES;
				GCC_WARN_ABOUT_RETURN_TYPE = YES_ERROR;
				GCC_WARN_UNDECLARED_SELECTOR = YES;
				GCC_WARN_UNINITIALIZED_AUTOS = YES_AGGRESSIVE;
				GCC_WARN_UNUSED_FUNCTION = YES;
				GCC_WARN_UNUSED_VARIABLE = YES;
				IPHONEOS_DEPLOYMENT_TARGET = 18.2;
				LOCALIZATION_PREFERS_STRING_CATALOGS = YES;
				MTL_ENABLE_DEBUG_INFO = INCLUDE_SOURCE;
				MTL_FAST_MATH = YES;
				ONLY_ACTIVE_ARCH = YES;
				SDKROOT = iphoneos;
				SWIFT_ACTIVE_COMPILATION_CONDITIONS = "DEBUG $(inherited)";
				SWIFT_OPTIMIZATION_LEVEL = "-Onone";
			};
			name = Debug;
		};
		388D691B2D8C3CA10088F828 /* Release */ = {
			isa = XCBuildConfiguration;
			buildSettings = {
				ALWAYS_SEARCH_USER_PATHS = NO;
				ASSETCATALOG_COMPILER_GENERATE_SWIFT_ASSET_SYMBOL_EXTENSIONS = YES;
				CLANG_ANALYZER_NONNULL = YES;
				CLANG_ANALYZER_NUMBER_OBJECT_CONVERSION = YES_AGGRESSIVE;
				CLANG_CXX_LANGUAGE_STANDARD = "gnu++20";
				CLANG_ENABLE_MODULES = YES;
				CLANG_ENABLE_OBJC_ARC = YES;
				CLANG_ENABLE_OBJC_WEAK = YES;
				CLANG_WARN_BLOCK_CAPTURE_AUTORELEASING = YES;
				CLANG_WARN_BOOL_CONVERSION = YES;
				CLANG_WARN_COMMA = YES;
				CLANG_WARN_CONSTANT_CONVERSION = YES;
				CLANG_WARN_DEPRECATED_OBJC_IMPLEMENTATIONS = YES;
				CLANG_WARN_DIRECT_OBJC_ISA_USAGE = YES_ERROR;
				CLANG_WARN_DOCUMENTATION_COMMENTS = YES;
				CLANG_WARN_EMPTY_BODY = YES;
				CLANG_WARN_ENUM_CONVERSION = YES;
				CLANG_WARN_INFINITE_RECURSION = YES;
				CLANG_WARN_INT_CONVERSION = YES;
				CLANG_WARN_NON_LITERAL_NULL_CONVERSION = YES;
				CLANG_WARN_OBJC_IMPLICIT_RETAIN_SELF = YES;
				CLANG_WARN_OBJC_LITERAL_CONVERSION = YES;
				CLANG_WARN_OBJC_ROOT_CLASS = YES_ERROR;
				CLANG_WARN_QUOTED_INCLUDE_IN_FRAMEWORK_HEADER = YES;
				CLANG_WARN_RANGE_LOOP_ANALYSIS = YES;
				CLANG_WARN_STRICT_PROTOTYPES = YES;
				CLANG_WARN_SUSPICIOUS_MOVE = YES;
				CLANG_WARN_UNGUARDED_AVAILABILITY = YES_AGGRESSIVE;
				CLANG_WARN_UNREACHABLE_CODE = YES;
				CLANG_WARN__DUPLICATE_METHOD_MATCH = YES;
				COPY_PHASE_STRIP = NO;
				DEBUG_INFORMATION_FORMAT = "dwarf-with-dsym";
				ENABLE_NS_ASSERTIONS = NO;
				ENABLE_STRICT_OBJC_MSGSEND = YES;
				ENABLE_USER_SCRIPT_SANDBOXING = YES;
				GCC_C_LANGUAGE_STANDARD = gnu17;
				GCC_NO_COMMON_BLOCKS = YES;
				GCC_WARN_64_TO_32_BIT_CONVERSION = YES;
				GCC_WARN_ABOUT_RETURN_TYPE = YES_ERROR;
				GCC_WARN_UNDECLARED_SELECTOR = YES;
				GCC_WARN_UNINITIALIZED_AUTOS = YES_AGGRESSIVE;
				GCC_WARN_UNUSED_FUNCTION = YES;
				GCC_WARN_UNUSED_VARIABLE = YES;
				IPHONEOS_DEPLOYMENT_TARGET = 18.2;
				LOCALIZATION_PREFERS_STRING_CATALOGS = YES;
				MTL_ENABLE_DEBUG_INFO = NO;
				MTL_FAST_MATH = YES;
				SDKROOT = iphoneos;
				SWIFT_COMPILATION_MODE = wholemodule;
				VALIDATE_PRODUCT = YES;
			};
			name = Release;
		};
		388D691D2D8C3CA10088F828 /* Debug */ = {
			isa = XCBuildConfiguration;
			buildSettings = {
				ASSETCATALOG_COMPILER_APPICON_NAME = AppIcon;
				ASSETCATALOG_COMPILER_GLOBAL_ACCENT_COLOR_NAME = AccentColor;
				CODE_SIGN_STYLE = Automatic;
				CURRENT_PROJECT_VERSION = 1;
				DEVELOPMENT_ASSET_PATHS = "\"TodoApp/Preview Content\"";
				DEVELOPMENT_TEAM = 56243WBB53;
				ENABLE_PREVIEWS = YES;
				GENERATE_INFOPLIST_FILE = YES;
				INFOPLIST_KEY_UIApplicationSceneManifest_Generation = YES;
				INFOPLIST_KEY_UIApplicationSupportsIndirectInputEvents = YES;
				INFOPLIST_KEY_UILaunchScreen_Generation = YES;
				INFOPLIST_KEY_UISupportedInterfaceOrientations_iPad = "UIInterfaceOrientationPortrait UIInterfaceOrientationPortraitUpsideDown UIInterfaceOrientationLandscapeLeft UIInterfaceOrientationLandscapeRight";
				INFOPLIST_KEY_UISupportedInterfaceOrientations_iPhone = "UIInterfaceOrientationPortrait UIInterfaceOrientationLandscapeLeft UIInterfaceOrientationLandscapeRight";
				LD_RUNPATH_SEARCH_PATHS = (
					"$(inherited)",
					"@executable_path/Frameworks",
				);
				MARKETING_VERSION = 1.0;
				PRODUCT_BUNDLE_IDENTIFIER = com.agmma.TodoApp;
				PRODUCT_NAME = "$(TARGET_NAME)";
				SWIFT_EMIT_LOC_STRINGS = YES;
				SWIFT_VERSION = 5.0;
				TARGETED_DEVICE_FAMILY = "1,2";
			};
			name = Debug;
		};
		388D691E2D8C3CA10088F828 /* Release */ = {
			isa = XCBuildConfiguration;
			buildSettings = {
				ASSETCATALOG_COMPILER_APPICON_NAME = AppIcon;
				ASSETCATALOG_COMPILER_GLOBAL_ACCENT_COLOR_NAME = AccentColor;
				CODE_SIGN_STYLE = Automatic;
				CURRENT_PROJECT_VERSION = 1;
				DEVELOPMENT_ASSET_PATHS = "\"TodoApp/Preview Content\"";
				DEVELOPMENT_TEAM = 56243WBB53;
				ENABLE_PREVIEWS = YES;
				GENERATE_INFOPLIST_FILE = YES;
				INFOPLIST_KEY_UIApplicationSceneManifest_Generation = YES;
				INFOPLIST_KEY_UIApplicationSupportsIndirectInputEvents = YES;
				INFOPLIST_KEY_UILaunchScreen_Generation = YES;
				INFOPLIST_KEY_UISupportedInterfaceOrientations_iPad = "UIInterfaceOrientationPortrait UIInterfaceOrientationPortraitUpsideDown UIInterfaceOrientationLandscapeLeft UIInterfaceOrientationLandscapeRight";
				INFOPLIST_KEY_UISupportedInterfaceOrientations_iPhone = "UIInterfaceOrientationPortrait UIInterfaceOrientationLandscapeLeft UIInterfaceOrientationLandscapeRight";
				LD_RUNPATH_SEARCH_PATHS = (
					"$(inherited)",
					"@executable_path/Frameworks",
				);
				MARKETING_VERSION = 1.0;
				PRODUCT_BUNDLE_IDENTIFIER = com.agmma.TodoApp;
				PRODUCT_NAME = "$(TARGET_NAME)";
				SWIFT_EMIT_LOC_STRINGS = YES;
				SWIFT_VERSION = 5.0;
				TARGETED_DEVICE_FAMILY = "1,2";
			};
			name = Release;
		};
		388D69202D8C3CA10088F828 /* Debug */ = {
			isa = XCBuildConfiguration;
			buildSettings = {
				BUNDLE_LOADER = "$(TEST_HOST)";
				CODE_SIGN_STYLE = Automatic;
				CURRENT_PROJECT_VERSION = 1;
				GENERATE_INFOPLIST_FILE = YES;
				IPHONEOS_DEPLOYMENT_TARGET = 18.2;
				MARKETING_VERSION = 1.0;
				PRODUCT_BUNDLE_IDENTIFIER = com.agmma.TodoAppTests;
				PRODUCT_NAME = "$(TARGET_NAME)";
				SWIFT_EMIT_LOC_STRINGS = NO;
				SWIFT_VERSION = 5.0;
				TARGETED_DEVICE_FAMILY = "1,2";
				TEST_HOST = "$(BUILT_PRODUCTS_DIR)/TodoApp.app/$(BUNDLE_EXECUTABLE_FOLDER_PATH)/TodoApp";
			};
			name = Debug;
		};
		388D69212D8C3CA10088F828 /* Release */ = {
			isa = XCBuildConfiguration;
			buildSettings = {
				BUNDLE_LOADER = "$(TEST_HOST)";
				CODE_SIGN_STYLE = Automatic;
				CURRENT_PROJECT_VERSION = 1;
				GENERATE_INFOPLIST_FILE = YES;
				IPHONEOS_DEPLOYMENT_TARGET = 18.2;
				MARKETING_VERSION = 1.0;
				PRODUCT_BUNDLE_IDENTIFIER = com.agmma.TodoAppTests;
				PRODUCT_NAME = "$(TARGET_NAME)";
				SWIFT_EMIT_LOC_STRINGS = NO;
				SWIFT_VERSION = 5.0;
				TARGETED_DEVICE_FAMILY = "1,2";
				TEST_HOST = "$(BUILT_PRODUCTS_DIR)/TodoApp.app/$(BUNDLE_EXECUTABLE_FOLDER_PATH)/TodoApp";
			};
			name = Release;
		};
		388D69232D8C3CA10088F828 /* Debug */ = {
			isa = XCBuildConfiguration;
			buildSettings = {
				CODE_SIGN_STYLE = Automatic;
				CURRENT_PROJECT_VERSION = 1;
				GENERATE_INFOPLIST_FILE = YES;
				MARKETING_VERSION = 1.0;
				PRODUCT_BUNDLE_IDENTIFIER = com.agmma.TodoAppUITests;
				PRODUCT_NAME = "$(TARGET_NAME)";
				SWIFT_EMIT_LOC_STRINGS = NO;
				SWIFT_VERSION = 5.0;
				TARGETED_DEVICE_FAMILY = "1,2";
				TEST_TARGET_NAME = TodoApp;
			};
			name = Debug;
		};
		388D69242D8C3CA10088F828 /* Release */ = {
			isa = XCBuildConfiguration;
			buildSettings = {
				CODE_SIGN_STYLE = Automatic;
				CURRENT_PROJECT_VERSION = 1;
				GENERATE_INFOPLIST_FILE = YES;
				MARKETING_VERSION = 1.0;
				PRODUCT_BUNDLE_IDENTIFIER = com.agmma.TodoAppUITests;
				PRODUCT_NAME = "$(TARGET_NAME)";
				SWIFT_EMIT_LOC_STRINGS = NO;
				SWIFT_VERSION = 5.0;
				TARGETED_DEVICE_FAMILY = "1,2";
				TEST_TARGET_NAME = TodoApp;
			};
			name = Release;
		};
/* End XCBuildConfiguration section */

/* Begin XCConfigurationList section */
		388D68F32D8C3CA00088F828 /* Build configuration list for PBXProject "TodoApp" */ = {
			isa = XCConfigurationList;
			buildConfigurations = (
				388D691A2D8C3CA10088F828 /* Debug */,
				388D691B2D8C3CA10088F828 /* Release */,
			);
			defaultConfigurationIsVisible = 0;
			defaultConfigurationName = Release;
		};
		388D691C2D8C3CA10088F828 /* Build configuration list for PBXNativeTarget "TodoApp" */ = {
			isa = XCConfigurationList;
			buildConfigurations = (
				388D691D2D8C3CA10088F828 /* Debug */,
				388D691E2D8C3CA10088F828 /* Release */,
			);
			defaultConfigurationIsVisible = 0;
			defaultConfigurationName = Release;
		};
		388D691F2D8C3CA10088F828 /* Build configuration list for PBXNativeTarget "TodoAppTests" */ = {
			isa = XCConfigurationList;
			buildConfigurations = (
				388D69202D8C3CA10088F828 /* Debug */,
				388D69212D8C3CA10088F828 /* Release */,
			);
			defaultConfigurationIsVisible = 0;
			defaultConfigurationName = Release;
		};
		388D69222D8C3CA10088F828 /* Build configuration list for PBXNativeTarget "TodoAppUITests" */ = {
			isa = XCConfigurationList;
			buildConfigurations = (
				388D69232D8C3CA10088F828 /* Debug */,
				388D69242D8C3CA10088F828 /* Release */,
			);
			defaultConfigurationIsVisible = 0;
			defaultConfigurationName = Release;
		};
/* End XCConfigurationList section */
	};
	rootObject = 388D68F02D8C3CA00088F828 /* Project object */;
}
